// !$*UTF8*$!
{
	archiveVersion = 1;
	classes = {
	};
	objectVersion = 48;
	objects = {

/* Begin PBXBuildFile section */
		2B8F47CE2017C9EC00C650DD /* ProductsVC.swift in Sources */ = {isa = PBXBuildFile; fileRef = 2B8F47CC2017C92700C650DD /* ProductsVC.swift */; };
		2BF14A082012BDC8000D7A64 /* AppDelegate.swift in Sources */ = {isa = PBXBuildFile; fileRef = 2BF14A072012BDC8000D7A64 /* AppDelegate.swift */; };
		2BF14A0A2012BDC8000D7A64 /* CategoriesVC.swift in Sources */ = {isa = PBXBuildFile; fileRef = 2BF14A092012BDC8000D7A64 /* CategoriesVC.swift */; };
		2BF14A0D2012BDC8000D7A64 /* Main.storyboard in Resources */ = {isa = PBXBuildFile; fileRef = 2BF14A0B2012BDC8000D7A64 /* Main.storyboard */; };
		2BF14A0F2012BDC8000D7A64 /* Assets.xcassets in Resources */ = {isa = PBXBuildFile; fileRef = 2BF14A0E2012BDC8000D7A64 /* Assets.xcassets */; };
		2BF14A122012BDC8000D7A64 /* LaunchScreen.storyboard in Resources */ = {isa = PBXBuildFile; fileRef = 2BF14A102012BDC8000D7A64 /* LaunchScreen.storyboard */; };
		2BF14A1D20168E6F000D7A64 /* CategoryCell.swift in Sources */ = {isa = PBXBuildFile; fileRef = 2BF14A1C20168E6F000D7A64 /* CategoryCell.swift */; };
		2BF14A1F201699E8000D7A64 /* Category.swift in Sources */ = {isa = PBXBuildFile; fileRef = 2BF14A1E201699E8000D7A64 /* Category.swift */; };
		2BF14A2220169B9F000D7A64 /* DataService.swift in Sources */ = {isa = PBXBuildFile; fileRef = 2BF14A2120169B9F000D7A64 /* DataService.swift */; };
		2BF14A242016B8D9000D7A64 /* ProductCell.swift in Sources */ = {isa = PBXBuildFile; fileRef = 2BF14A232016B8D9000D7A64 /* ProductCell.swift */; };
		2BF14A262016BF05000D7A64 /* Product.swift in Sources */ = {isa = PBXBuildFile; fileRef = 2BF14A252016BF05000D7A64 /* Product.swift */; };
/* End PBXBuildFile section */

/* Begin PBXFileReference section */
		2B8F47CC2017C92700C650DD /* ProductsVC.swift */ = {isa = PBXFileReference; lastKnownFileType = sourcecode.swift; path = ProductsVC.swift; sourceTree = "<group>"; };
		2BF14A042012BDC7000D7A64 /* Coderswag.app */ = {isa = PBXFileReference; explicitFileType = wrapper.application; includeInIndex = 0; path = Coderswag.app; sourceTree = BUILT_PRODUCTS_DIR; };
		2BF14A072012BDC8000D7A64 /* AppDelegate.swift */ = {isa = PBXFileReference; lastKnownFileType = sourcecode.swift; path = AppDelegate.swift; sourceTree = "<group>"; };
		2BF14A092012BDC8000D7A64 /* CategoriesVC.swift */ = {isa = PBXFileReference; lastKnownFileType = sourcecode.swift; path = CategoriesVC.swift; sourceTree = "<group>"; };
		2BF14A0C2012BDC8000D7A64 /* Base */ = {isa = PBXFileReference; lastKnownFileType = file.storyboard; name = Base; path = Base.lproj/Main.storyboard; sourceTree = "<group>"; };
		2BF14A0E2012BDC8000D7A64 /* Assets.xcassets */ = {isa = PBXFileReference; lastKnownFileType = folder.assetcatalog; path = Assets.xcassets; sourceTree = "<group>"; };
		2BF14A112012BDC8000D7A64 /* Base */ = {isa = PBXFileReference; lastKnownFileType = file.storyboard; name = Base; path = Base.lproj/LaunchScreen.storyboard; sourceTree = "<group>"; };
		2BF14A132012BDC9000D7A64 /* Info.plist */ = {isa = PBXFileReference; lastKnownFileType = text.plist.xml; path = Info.plist; sourceTree = "<group>"; };
		2BF14A1C20168E6F000D7A64 /* CategoryCell.swift */ = {isa = PBXFileReference; lastKnownFileType = sourcecode.swift; path = CategoryCell.swift; sourceTree = "<group>"; };
		2BF14A1E201699E8000D7A64 /* Category.swift */ = {isa = PBXFileReference; lastKnownFileType = sourcecode.swift; path = Category.swift; sourceTree = "<group>"; };
		2BF14A2120169B9F000D7A64 /* DataService.swift */ = {isa = PBXFileReference; lastKnownFileType = sourcecode.swift; path = DataService.swift; sourceTree = "<group>"; };
		2BF14A232016B8D9000D7A64 /* ProductCell.swift */ = {isa = PBXFileReference; lastKnownFileType = sourcecode.swift; path = ProductCell.swift; sourceTree = "<group>"; };
		2BF14A252016BF05000D7A64 /* Product.swift */ = {isa = PBXFileReference; lastKnownFileType = sourcecode.swift; path = Product.swift; sourceTree = "<group>"; };
/* End PBXFileReference section */

/* Begin PBXFrameworksBuildPhase section */
		2BF14A012012BDC7000D7A64 /* Frameworks */ = {
			isa = PBXFrameworksBuildPhase;
			buildActionMask = 2147483647;
			files = (
			);
			runOnlyForDeploymentPostprocessing = 0;
		};
/* End PBXFrameworksBuildPhase section */

/* Begin PBXGroup section */
		2BF149FB2012BDC7000D7A64 = {
			isa = PBXGroup;
			children = (
				2BF14A062012BDC8000D7A64 /* Coderswag */,
				2BF14A052012BDC7000D7A64 /* Products */,
			);
			sourceTree = "<group>";
		};
		2BF14A052012BDC7000D7A64 /* Products */ = {
			isa = PBXGroup;
			children = (
				2BF14A042012BDC7000D7A64 /* Coderswag.app */,
			);
			name = Products;
			sourceTree = "<group>";
		};
		2BF14A062012BDC8000D7A64 /* Coderswag */ = {
			isa = PBXGroup;
			children = (
				2BF14A2020169B90000D7A64 /* Services */,
				2BF14A1B20168DE6000D7A64 /* View */,
				2BF14A1A20168DE0000D7A64 /* Model */,
				2BF14A1920168DD4000D7A64 /* Controller */,
				2BF14A072012BDC8000D7A64 /* AppDelegate.swift */,
				2BF14A0B2012BDC8000D7A64 /* Main.storyboard */,
				2BF14A0E2012BDC8000D7A64 /* Assets.xcassets */,
				2BF14A102012BDC8000D7A64 /* LaunchScreen.storyboard */,
				2BF14A132012BDC9000D7A64 /* Info.plist */,
			);
			path = Coderswag;
			sourceTree = "<group>";
		};
		2BF14A1920168DD4000D7A64 /* Controller */ = {
			isa = PBXGroup;
			children = (
				2BF14A092012BDC8000D7A64 /* CategoriesVC.swift */,
				2B8F47CC2017C92700C650DD /* ProductsVC.swift */,
			);
			path = Controller;
			sourceTree = "<group>";
		};
		2BF14A1A20168DE0000D7A64 /* Model */ = {
			isa = PBXGroup;
			children = (
				2BF14A1E201699E8000D7A64 /* Category.swift */,
				2BF14A252016BF05000D7A64 /* Product.swift */,
			);
			path = Model;
			sourceTree = "<group>";
		};
		2BF14A1B20168DE6000D7A64 /* View */ = {
			isa = PBXGroup;
			children = (
				2BF14A1C20168E6F000D7A64 /* CategoryCell.swift */,
				2BF14A232016B8D9000D7A64 /* ProductCell.swift */,
			);
			path = View;
			sourceTree = "<group>";
		};
		2BF14A2020169B90000D7A64 /* Services */ = {
			isa = PBXGroup;
			children = (
				2BF14A2120169B9F000D7A64 /* DataService.swift */,
			);
			path = Services;
			sourceTree = "<group>";
		};
/* End PBXGroup section */

/* Begin PBXNativeTarget section */
		2BF14A032012BDC7000D7A64 /* Coderswag */ = {
			isa = PBXNativeTarget;
			buildConfigurationList = 2BF14A162012BDC9000D7A64 /* Build configuration list for PBXNativeTarget "Coderswag" */;
			buildPhases = (
				2BF14A002012BDC7000D7A64 /* Sources */,
				2BF14A012012BDC7000D7A64 /* Frameworks */,
				2BF14A022012BDC7000D7A64 /* Resources */,
			);
			buildRules = (
			);
			dependencies = (
			);
			name = Coderswag;
			productName = Coderswag;
			productReference = 2BF14A042012BDC7000D7A64 /* Coderswag.app */;
			productType = "com.apple.product-type.application";
		};
/* End PBXNativeTarget section */

/* Begin PBXProject section */
		2BF149FC2012BDC7000D7A64 /* Project object */ = {
			isa = PBXProject;
			attributes = {
				LastSwiftUpdateCheck = 0920;
				LastUpgradeCheck = 0920;
				ORGANIZATIONNAME = "sam samimi";
				TargetAttributes = {
					2BF14A032012BDC7000D7A64 = {
						CreatedOnToolsVersion = 9.2;
						ProvisioningStyle = Automatic;
					};
				};
			};
			buildConfigurationList = 2BF149FF2012BDC7000D7A64 /* Build configuration list for PBXProject "Coderswag" */;
			compatibilityVersion = "Xcode 8.0";
			developmentRegion = en;
			hasScannedForEncodings = 0;
			knownRegions = (
				en,
				Base,
			);
			mainGroup = 2BF149FB2012BDC7000D7A64;
			productRefGroup = 2BF14A052012BDC7000D7A64 /* Products */;
			projectDirPath = "";
			projectRoot = "";
			targets = (
				2BF14A032012BDC7000D7A64 /* Coderswag */,
			);
		};
/* End PBXProject section */

/* Begin PBXResourcesBuildPhase section */
		2BF14A022012BDC7000D7A64 /* Resources */ = {
			isa = PBXResourcesBuildPhase;
			buildActionMask = 2147483647;
			files = (
				2BF14A122012BDC8000D7A64 /* LaunchScreen.storyboard in Resources */,
				2BF14A0F2012BDC8000D7A64 /* Assets.xcassets in Resources */,
				2BF14A0D2012BDC8000D7A64 /* Main.storyboard in Resources */,
			);
			runOnlyForDeploymentPostprocessing = 0;
		};
/* End PBXResourcesBuildPhase section */

/* Begin PBXSourcesBuildPhase section */
		2BF14A002012BDC7000D7A64 /* Sources */ = {
			isa = PBXSourcesBuildPhase;
			buildActionMask = 2147483647;
			files = (
				2B8F47CE2017C9EC00C650DD /* ProductsVC.swift in Sources */,
				2BF14A0A2012BDC8000D7A64 /* CategoriesVC.swift in Sources */,
				2BF14A082012BDC8000D7A64 /* AppDelegate.swift in Sources */,
				2BF14A1D20168E6F000D7A64 /* CategoryCell.swift in Sources */,
				2BF14A242016B8D9000D7A64 /* ProductCell.swift in Sources */,
				2BF14A1F201699E8000D7A64 /* Category.swift in Sources */,
				2BF14A2220169B9F000D7A64 /* DataService.swift in Sources */,
				2BF14A262016BF05000D7A64 /* Product.swift in Sources */,
			);
			runOnlyForDeploymentPostprocessing = 0;
		};
/* End PBXSourcesBuildPhase section */

/* Begin PBXVariantGroup section */
		2BF14A0B2012BDC8000D7A64 /* Main.storyboard */ = {
			isa = PBXVariantGroup;
			children = (
				2BF14A0C2012BDC8000D7A64 /* Base */,
			);
			name = Main.storyboard;
			sourceTree = "<group>";
		};
		2BF14A102012BDC8000D7A64 /* LaunchScreen.storyboard */ = {
			isa = PBXVariantGroup;
			children = (
				2BF14A112012BDC8000D7A64 /* Base */,
			);
			name = LaunchScreen.storyboard;
			sourceTree = "<group>";
		};
/* End PBXVariantGroup section */

/* Begin XCBuildConfiguration section */
		2BF14A142012BDC9000D7A64 /* Debug */ = {
			isa = XCBuildConfiguration;
			buildSettings = {
				ALWAYS_SEARCH_USER_PATHS = NO;
				CLANG_ANALYZER_NONNULL = YES;
				CLANG_ANALYZER_NUMBER_OBJECT_CONVERSION = YES_AGGRESSIVE;
				CLANG_CXX_LANGUAGE_STANDARD = "gnu++14";
				CLANG_CXX_LIBRARY = "libc++";
				CLANG_ENABLE_MODULES = YES;
				CLANG_ENABLE_OBJC_ARC = YES;
				CLANG_WARN_BLOCK_CAPTURE_AUTORELEASING = YES;
				CLANG_WARN_BOOL_CONVERSION = YES;
				CLANG_WARN_COMMA = YES;
				CLANG_WARN_CONSTANT_CONVERSION = YES;
				CLANG_WARN_DIRECT_OBJC_ISA_USAGE = YES_ERROR;
				CLANG_WARN_DOCUMENTATION_COMMENTS = YES;
				CLANG_WARN_EMPTY_BODY = YES;
				CLANG_WARN_ENUM_CONVERSION = YES;
				CLANG_WARN_INFINITE_RECURSION = YES;
				CLANG_WARN_INT_CONVERSION = YES;
				CLANG_WARN_NON_LITERAL_NULL_CONVERSION = YES;
				CLANG_WARN_OBJC_LITERAL_CONVERSION = YES;
				CLANG_WARN_OBJC_ROOT_CLASS = YES_ERROR;
				CLANG_WARN_RANGE_LOOP_ANALYSIS = YES;
				CLANG_WARN_STRICT_PROTOTYPES = YES;
				CLANG_WARN_SUSPICIOUS_MOVE = YES;
				CLANG_WARN_UNGUARDED_AVAILABILITY = YES_AGGRESSIVE;
				CLANG_WARN_UNREACHABLE_CODE = YES;
				CLANG_WARN__DUPLICATE_METHOD_MATCH = YES;
				CODE_SIGN_IDENTITY = "iPhone Developer";
				COPY_PHASE_STRIP = NO;
				DEBUG_INFORMATION_FORMAT = dwarf;
				ENABLE_STRICT_OBJC_MSGSEND = YES;
				ENABLE_TESTABILITY = YES;
				GCC_C_LANGUAGE_STANDARD = gnu11;
				GCC_DYNAMIC_NO_PIC = NO;
				GCC_NO_COMMON_BLOCKS = YES;
				GCC_OPTIMIZATION_LEVEL = 0;
				GCC_PREPROCESSOR_DEFINITIONS = (
					"DEBUG=1",
					"$(inherited)",
				);
				GCC_WARN_64_TO_32_BIT_CONVERSION = YES;
				GCC_WARN_ABOUT_RETURN_TYPE = YES_ERROR;
				GCC_WARN_UNDECLARED_SELECTOR = YES;
				GCC_WARN_UNINITIALIZED_AUTOS = YES_AGGRESSIVE;
				GCC_WARN_UNUSED_FUNCTION = YES;
				GCC_WARN_UNUSED_VARIABLE = YES;
				IPHONEOS_DEPLOYMENT_TARGET = 11.2;
				MTL_ENABLE_DEBUG_INFO = YES;
				ONLY_ACTIVE_ARCH = YES;
				SDKROOT = iphoneos;
				SWIFT_ACTIVE_COMPILATION_CONDITIONS = DEBUG;
				SWIFT_OPTIMIZATION_LEVEL = "-Onone";
			};
			name = Debug;
		};
		2BF14A152012BDC9000D7A64 /* Release */ = {
			isa = XCBuildConfiguration;
			buildSettings = {
				ALWAYS_SEARCH_USER_PATHS = NO;
				CLANG_ANALYZER_NONNULL = YES;
				CLANG_ANALYZER_NUMBER_OBJECT_CONVERSION = YES_AGGRESSIVE;
				CLANG_CXX_LANGUAGE_STANDARD = "gnu++14";
				CLANG_CXX_LIBRARY = "libc++";
				CLANG_ENABLE_MODULES = YES;
				CLANG_ENABLE_OBJC_ARC = YES;
				CLANG_WARN_BLOCK_CAPTURE_AUTORELEASING = YES;
				CLANG_WARN_BOOL_CONVERSION = YES;
				CLANG_WARN_COMMA = YES;
				CLANG_WARN_CONSTANT_CONVERSION = YES;
				CLANG_WARN_DIRECT_OBJC_ISA_USAGE = YES_ERROR;
				CLANG_WARN_DOCUMENTATION_COMMENTS = YES;
				CLANG_WARN_EMPTY_BODY = YES;
				CLANG_WARN_ENUM_CONVERSION = YES;
				CLANG_WARN_INFINITE_RECURSION = YES;
				CLANG_WARN_INT_CONVERSION = YES;
				CLANG_WARN_NON_LITERAL_NULL_CONVERSION = YES;
				CLANG_WARN_OBJC_LITERAL_CONVERSION = YES;
				CLANG_WARN_OBJC_ROOT_CLASS = YES_ERROR;
				CLANG_WARN_RANGE_LOOP_ANALYSIS = YES;
				CLANG_WARN_STRICT_PROTOTYPES = YES;
				CLANG_WARN_SUSPICIOUS_MOVE = YES;
				CLANG_WARN_UNGUARDED_AVAILABILITY = YES_AGGRESSIVE;
				CLANG_WARN_UNREACHABLE_CODE = YES;
				CLANG_WARN__DUPLICATE_METHOD_MATCH = YES;
				CODE_SIGN_IDENTITY = "iPhone Developer";
				COPY_PHASE_STRIP = NO;
				DEBUG_INFORMATION_FORMAT = "dwarf-with-dsym";
				ENABLE_NS_ASSERTIONS = NO;
				ENABLE_STRICT_OBJC_MSGSEND = YES;
				GCC_C_LANGUAGE_STANDARD = gnu11;
				GCC_NO_COMMON_BLOCKS = YES;
				GCC_WARN_64_TO_32_BIT_CONVERSION = YES;
				GCC_WARN_ABOUT_RETURN_TYPE = YES_ERROR;
				GCC_WARN_UNDECLARED_SELECTOR = YES;
				GCC_WARN_UNINITIALIZED_AUTOS = YES_AGGRESSIVE;
				GCC_WARN_UNUSED_FUNCTION = YES;
				GCC_WARN_UNUSED_VARIABLE = YES;
				IPHONEOS_DEPLOYMENT_TARGET = 11.2;
				MTL_ENABLE_DEBUG_INFO = NO;
				SDKROOT = iphoneos;
				SWIFT_OPTIMIZATION_LEVEL = "-Owholemodule";
				VALIDATE_PRODUCT = YES;
			};
			name = Release;
		};
		2BF14A172012BDC9000D7A64 /* Debug */ = {
			isa = XCBuildConfiguration;
			buildSettings = {
				ASSETCATALOG_COMPILER_APPICON_NAME = AppIcon;
				CODE_SIGN_STYLE = Automatic;
				DEVELOPMENT_TEAM = A5229A67FL;
				INFOPLIST_FILE = Coderswag/Info.plist;
				IPHONEOS_DEPLOYMENT_TARGET = 11;
				LD_RUNPATH_SEARCH_PATHS = "$(inherited) @executable_path/Frameworks";
				PRODUCT_BUNDLE_IDENTIFIER = com.aarash.samimi.Coderswag;
				PRODUCT_NAME = "$(TARGET_NAME)";
				SWIFT_VERSION = 4.0;
				TARGETED_DEVICE_FAMILY = "1,2";
			};
			name = Debug;
		};
		2BF14A182012BDC9000D7A64 /* Release */ = {
			isa = XCBuildConfiguration;
			buildSettings = {
				ASSETCATALOG_COMPILER_APPICON_NAME = AppIcon;
				CODE_SIGN_STYLE = Automatic;
				DEVELOPMENT_TEAM = A5229A67FL;
				INFOPLIST_FILE = Coderswag/Info.plist;
				IPHONEOS_DEPLOYMENT_TARGET = 11;
				LD_RUNPATH_SEARCH_PATHS = "$(inherited) @executable_path/Frameworks";
				PRODUCT_BUNDLE_IDENTIFIER = com.aarash.samimi.Coderswag;
				PRODUCT_NAME = "$(TARGET_NAME)";
				SWIFT_VERSION = 4.0;
				TARGETED_DEVICE_FAMILY = "1,2";
			};
			name = Release;
		};
/* End XCBuildConfiguration section */

/* Begin XCConfigurationList section */
		2BF149FF2012BDC7000D7A64 /* Build configuration list for PBXProject "Coderswag" */ = {
			isa = XCConfigurationList;
			buildConfigurations = (
				2BF14A142012BDC9000D7A64 /* Debug */,
				2BF14A152012BDC9000D7A64 /* Release */,
			);
			defaultConfigurationIsVisible = 0;
			defaultConfigurationName = Release;
		};
		2BF14A162012BDC9000D7A64 /* Build configuration list for PBXNativeTarget "Coderswag" */ = {
			isa = XCConfigurationList;
			buildConfigurations = (
				2BF14A172012BDC9000D7A64 /* Debug */,
				2BF14A182012BDC9000D7A64 /* Release */,
			);
			defaultConfigurationIsVisible = 0;
			defaultConfigurationName = Release;
		};
/* End XCConfigurationList section */
	};
	rootObject = 2BF149FC2012BDC7000D7A64 /* Project object */;
}
